
Microsoft Visual Studio Solution File, Format Version 12.00
# Visual Studio 14
VisualStudioVersion = 14.0.25420.1
MinimumVisualStudioVersion = 10.0.40219.1
Project("{FAE04EC0-301F-11D3-BF4B-00C04F79EFBC}") = "MusicStore", "MusicStore\MusicStore.csproj", "{EDDDB2CE-6468-4290-8985-B9D77EDF72E4}"
EndProject
Project("{FAE04EC0-301F-11D3-BF4B-00C04F79EFBC}") = "MusicStore.Tests", "MusicStore.Tests\MusicStore.Tests.csproj", "{B20C1345-D6E1-43A2-8663-47E6B8B72C2C}"
EndProject
Global
	GlobalSection(SolutionConfigurationPlatforms) = preSolution
		Debug|Any CPU = Debug|Any CPU
		Release|Any CPU = Release|Any CPU
	EndGlobalSection
	GlobalSection(ProjectConfigurationPlatforms) = postSolution
		{EDDDB2CE-6468-4290-8985-B9D77EDF72E4}.Debug|Any CPU.ActiveCfg = Debug|Any CPU
		{EDDDB2CE-6468-4290-8985-B9D77EDF72E4}.Debug|Any CPU.Build.0 = Debug|Any CPU
		{EDDDB2CE-6468-4290-8985-B9D77EDF72E4}.Release|Any CPU.ActiveCfg = Release|Any CPU
		{EDDDB2CE-6468-4290-8985-B9D77EDF72E4}.Release|Any CPU.Build.0 = Release|Any CPU
		{B20C1345-D6E1-43A2-8663-47E6B8B72C2C}.Debug|Any CPU.ActiveCfg = Debug|Any CPU
		{B20C1345-D6E1-43A2-8663-47E6B8B72C2C}.Debug|Any CPU.Build.0 = Debug|Any CPU
		{B20C1345-D6E1-43A2-8663-47E6B8B72C2C}.Release|Any CPU.ActiveCfg = Release|Any CPU
		{B20C1345-D6E1-43A2-8663-47E6B8B72C2C}.Release|Any CPU.Build.0 = Release|Any CPU
	EndGlobalSection
	GlobalSection(SolutionProperties) = preSolution
		HideSolutionNode = FALSE
	EndGlobalSection
EndGlobal
